
Microsoft Visual Studio Solution File, Format Version 12.00
# Visual Studio Version 17
VisualStudioVersion = 17.9.34723.18
MinimumVisualStudioVersion = 10.0.40219.1
Project("{FAE04EC0-301F-11D3-BF4B-00C04F79EFBC}") = "MovieWebApi", "MovieWebApi\MovieWebApi.csproj", "{3BA4BF1E-FD1A-4101-9816-61D9E3EB26FB}"
EndProject
Global
	GlobalSection(SolutionConfigurationPlatforms) = preSolution
		Debug|Any CPU = Debug|Any CPU
		Release|Any CPU = Release|Any CPU
	EndGlobalSection
	GlobalSection(ProjectConfigurationPlatforms) = postSolution
		{3BA4BF1E-FD1A-4101-9816-61D9E3EB26FB}.Debug|Any CPU.ActiveCfg = Debug|Any CPU
		{3BA4BF1E-FD1A-4101-9816-61D9E3EB26FB}.Debug|Any CPU.Build.0 = Debug|Any CPU
		{3BA4BF1E-FD1A-4101-9816-61D9E3EB26FB}.Release|Any CPU.ActiveCfg = Release|Any CPU
		{3BA4BF1E-FD1A-4101-9816-61D9E3EB26FB}.Release|Any CPU.Build.0 = Release|Any CPU
	EndGlobalSection
	GlobalSection(SolutionProperties) = preSolution
		HideSolutionNode = FALSE
	EndGlobalSection
	GlobalSection(ExtensibilityGlobals) = postSolution
		SolutionGuid = {7983EA46-4BA4-4F54-981F-89D41F4710D6}
	EndGlobalSection
EndGlobal
